
Microsoft Visual Studio Solution File, Format Version 12.00
# Visual Studio Version 16
VisualStudioVersion = 16.0.29806.167
MinimumVisualStudioVersion = 10.0.40219.1
Project("{FAE04EC0-301F-11D3-BF4B-00C04F79EFBC}") = "GaussianInterpolationResearch", "GaussianInterpolationResearch\GaussianInterpolationResearch.csproj", "{F027CF06-C37E-4412-9E6F-C9CB54EA873E}"
EndProject
Global
	GlobalSection(SolutionConfigurationPlatforms) = preSolution
		Debug|Any CPU = Debug|Any CPU
		Release|Any CPU = Release|Any CPU
	EndGlobalSection
	GlobalSection(ProjectConfigurationPlatforms) = postSolution
		{F027CF06-C37E-4412-9E6F-C9CB54EA873E}.Debug|Any CPU.ActiveCfg = Debug|Any CPU
		{F027CF06-C37E-4412-9E6F-C9CB54EA873E}.Debug|Any CPU.Build.0 = Debug|Any CPU
		{F027CF06-C37E-4412-9E6F-C9CB54EA873E}.Release|Any CPU.ActiveCfg = Release|Any CPU
		{F027CF06-C37E-4412-9E6F-C9CB54EA873E}.Release|Any CPU.Build.0 = Release|Any CPU
	EndGlobalSection
	GlobalSection(SolutionProperties) = preSolution
		HideSolutionNode = FALSE
	EndGlobalSection
	GlobalSection(ExtensibilityGlobals) = postSolution
		SolutionGuid = {241AB2D7-D341-42E0-A230-FE4953157E7A}
	EndGlobalSection
EndGlobal
